{
  "pins" : [
    {
      "identity" : "valifyselfieframework",
      "kind" : "remoteSourceControl",
      "location" : "https://github.com/omaymaa/ValifySelfieFramework.git",
      "state" : {
        "revision" : "63cb3c0d9464b6c9908de357817cbfb6256b8dc3",
        "version" : "1.1.8"
      }
    }
  ],
  "version" : 2
}
